{
  "originHash" : "718c97b2c7a85e0aedc367e4ef183191ed22b7ef59cbef3e8dd432a4e781cfaa",
  "pins" : [
    {
      "identity" : "core",
      "kind" : "remoteSourceControl",
      "location" : "https://github.com/rakeshashastri/Core.git",
      "state" : {
        "revision" : "941e4f87e70f4230f3c178735d5b2b0e7e83eaff",
        "version" : "0.1.2"
      }
    }
  ],
  "version" : 3
}
